// !$*UTF8*$!
{
	archiveVersion = 1;
	classes = {
	};
	objectVersion = 50;
	objects = {

/* Begin PBXBuildFile section */
		F3586C78262FC4100059C1FD /* AppDelegate.swift in Sources */ = {isa = PBXBuildFile; fileRef = F3586C77262FC4100059C1FD /* AppDelegate.swift */; };
		F3586C7A262FC4100059C1FD /* SceneDelegate.swift in Sources */ = {isa = PBXBuildFile; fileRef = F3586C79262FC4100059C1FD /* SceneDelegate.swift */; };
		F3586C7C262FC4100059C1FD /* ViewController.swift in Sources */ = {isa = PBXBuildFile; fileRef = F3586C7B262FC4100059C1FD /* ViewController.swift */; };
		F3586C7F262FC4100059C1FD /* Main.storyboard in Resources */ = {isa = PBXBuildFile; fileRef = F3586C7D262FC4100059C1FD /* Main.storyboard */; };
		F3586C81262FC42D0059C1FD /* Assets.xcassets in Resources */ = {isa = PBXBuildFile; fileRef = F3586C80262FC42D0059C1FD /* Assets.xcassets */; };
		F3586C84262FC42D0059C1FD /* LaunchScreen.storyboard in Resources */ = {isa = PBXBuildFile; fileRef = F3586C82262FC42D0059C1FD /* LaunchScreen.storyboard */; };
		F3586C93262FD11D0059C1FD /* AppDelegate.swift in Sources */ = {isa = PBXBuildFile; fileRef = F3586C92262FD11D0059C1FD /* AppDelegate.swift */; };
		F3586C95262FD11D0059C1FD /* SceneDelegate.swift in Sources */ = {isa = PBXBuildFile; fileRef = F3586C94262FD11D0059C1FD /* SceneDelegate.swift */; };
		F3586C97262FD11D0059C1FD /* ViewController.swift in Sources */ = {isa = PBXBuildFile; fileRef = F3586C96262FD11D0059C1FD /* ViewController.swift */; };
		F3586C9A262FD11D0059C1FD /* Main.storyboard in Resources */ = {isa = PBXBuildFile; fileRef = F3586C98262FD11D0059C1FD /* Main.storyboard */; };
		F3586C9C262FD1280059C1FD /* Assets.xcassets in Resources */ = {isa = PBXBuildFile; fileRef = F3586C9B262FD1280059C1FD /* Assets.xcassets */; };
		F3586C9F262FD1280059C1FD /* LaunchScreen.storyboard in Resources */ = {isa = PBXBuildFile; fileRef = F3586C9D262FD1280059C1FD /* LaunchScreen.storyboard */; };
		F3586CAD263016410059C1FD /* AppDelegate.swift in Sources */ = {isa = PBXBuildFile; fileRef = F3586CAC263016410059C1FD /* AppDelegate.swift */; };
		F3586CAF263016410059C1FD /* SceneDelegate.swift in Sources */ = {isa = PBXBuildFile; fileRef = F3586CAE263016410059C1FD /* SceneDelegate.swift */; };
		F3586CB1263016410059C1FD /* ViewController.swift in Sources */ = {isa = PBXBuildFile; fileRef = F3586CB0263016410059C1FD /* ViewController.swift */; };
		F3586CB4263016410059C1FD /* Main.storyboard in Resources */ = {isa = PBXBuildFile; fileRef = F3586CB2263016410059C1FD /* Main.storyboard */; };
		F3586CB6263016550059C1FD /* Assets.xcassets in Resources */ = {isa = PBXBuildFile; fileRef = F3586CB5263016550059C1FD /* Assets.xcassets */; };
		F3586CB9263016550059C1FD /* LaunchScreen.storyboard in Resources */ = {isa = PBXBuildFile; fileRef = F3586CB7263016550059C1FD /* LaunchScreen.storyboard */; };
/* End PBXBuildFile section */

/* Begin PBXFileReference section */
		F3586C74262FC4100059C1FD /* iOSProject2.app */ = {isa = PBXFileReference; explicitFileType = wrapper.application; includeInIndex = 0; path = iOSProject2.app; sourceTree = BUILT_PRODUCTS_DIR; };
		F3586C77262FC4100059C1FD /* AppDelegate.swift */ = {isa = PBXFileReference; lastKnownFileType = sourcecode.swift; path = AppDelegate.swift; sourceTree = "<group>"; };
		F3586C79262FC4100059C1FD /* SceneDelegate.swift */ = {isa = PBXFileReference; lastKnownFileType = sourcecode.swift; path = SceneDelegate.swift; sourceTree = "<group>"; };
		F3586C7B262FC4100059C1FD /* ViewController.swift */ = {isa = PBXFileReference; lastKnownFileType = sourcecode.swift; path = ViewController.swift; sourceTree = "<group>"; };
		F3586C7E262FC4100059C1FD /* Base */ = {isa = PBXFileReference; lastKnownFileType = file.storyboard; name = Base; path = Base.lproj/Main.storyboard; sourceTree = "<group>"; };
		F3586C80262FC42D0059C1FD /* Assets.xcassets */ = {isa = PBXFileReference; lastKnownFileType = folder.assetcatalog; path = Assets.xcassets; sourceTree = "<group>"; };
		F3586C83262FC42D0059C1FD /* Base */ = {isa = PBXFileReference; lastKnownFileType = file.storyboard; name = Base; path = Base.lproj/LaunchScreen.storyboard; sourceTree = "<group>"; };
		F3586C85262FC42D0059C1FD /* Info.plist */ = {isa = PBXFileReference; lastKnownFileType = text.plist.xml; path = Info.plist; sourceTree = "<group>"; };
		F3586C90262FD11D0059C1FD /* control.app */ = {isa = PBXFileReference; explicitFileType = wrapper.application; includeInIndex = 0; path = control.app; sourceTree = BUILT_PRODUCTS_DIR; };
		F3586C92262FD11D0059C1FD /* AppDelegate.swift */ = {isa = PBXFileReference; lastKnownFileType = sourcecode.swift; path = AppDelegate.swift; sourceTree = "<group>"; };
		F3586C94262FD11D0059C1FD /* SceneDelegate.swift */ = {isa = PBXFileReference; lastKnownFileType = sourcecode.swift; path = SceneDelegate.swift; sourceTree = "<group>"; };
		F3586C96262FD11D0059C1FD /* ViewController.swift */ = {isa = PBXFileReference; lastKnownFileType = sourcecode.swift; path = ViewController.swift; sourceTree = "<group>"; };
		F3586C99262FD11D0059C1FD /* Base */ = {isa = PBXFileReference; lastKnownFileType = file.storyboard; name = Base; path = Base.lproj/Main.storyboard; sourceTree = "<group>"; };
		F3586C9B262FD1280059C1FD /* Assets.xcassets */ = {isa = PBXFileReference; lastKnownFileType = folder.assetcatalog; path = Assets.xcassets; sourceTree = "<group>"; };
		F3586C9E262FD1280059C1FD /* Base */ = {isa = PBXFileReference; lastKnownFileType = file.storyboard; name = Base; path = Base.lproj/LaunchScreen.storyboard; sourceTree = "<group>"; };
		F3586CA0262FD1280059C1FD /* Info.plist */ = {isa = PBXFileReference; lastKnownFileType = text.plist.xml; path = Info.plist; sourceTree = "<group>"; };
		F3586CAA263016410059C1FD /* ImageViewAnimation.app */ = {isa = PBXFileReference; explicitFileType = wrapper.application; includeInIndex = 0; path = ImageViewAnimation.app; sourceTree = BUILT_PRODUCTS_DIR; };
		F3586CAC263016410059C1FD /* AppDelegate.swift */ = {isa = PBXFileReference; lastKnownFileType = sourcecode.swift; path = AppDelegate.swift; sourceTree = "<group>"; };
		F3586CAE263016410059C1FD /* SceneDelegate.swift */ = {isa = PBXFileReference; lastKnownFileType = sourcecode.swift; path = SceneDelegate.swift; sourceTree = "<group>"; };
		F3586CB0263016410059C1FD /* ViewController.swift */ = {isa = PBXFileReference; lastKnownFileType = sourcecode.swift; path = ViewController.swift; sourceTree = "<group>"; };
		F3586CB3263016410059C1FD /* Base */ = {isa = PBXFileReference; lastKnownFileType = file.storyboard; name = Base; path = Base.lproj/Main.storyboard; sourceTree = "<group>"; };
		F3586CB5263016550059C1FD /* Assets.xcassets */ = {isa = PBXFileReference; lastKnownFileType = folder.assetcatalog; path = Assets.xcassets; sourceTree = "<group>"; };
		F3586CB8263016550059C1FD /* Base */ = {isa = PBXFileReference; lastKnownFileType = file.storyboard; name = Base; path = Base.lproj/LaunchScreen.storyboard; sourceTree = "<group>"; };
		F3586CBA263016550059C1FD /* Info.plist */ = {isa = PBXFileReference; lastKnownFileType = text.plist.xml; path = Info.plist; sourceTree = "<group>"; };
/* End PBXFileReference section */

/* Begin PBXFrameworksBuildPhase section */
		F3586C71262FC4100059C1FD /* Frameworks */ = {
			isa = PBXFrameworksBuildPhase;
			buildActionMask = 2147483647;
			files = (
			);
			runOnlyForDeploymentPostprocessing = 0;
		};
		F3586C8D262FD11D0059C1FD /* Frameworks */ = {
			isa = PBXFrameworksBuildPhase;
			buildActionMask = 2147483647;
			files = (
			);
			runOnlyForDeploymentPostprocessing = 0;
		};
		F3586CA7263016410059C1FD /* Frameworks */ = {
			isa = PBXFrameworksBuildPhase;
			buildActionMask = 2147483647;
			files = (
			);
			runOnlyForDeploymentPostprocessing = 0;
		};
/* End PBXFrameworksBuildPhase section */

/* Begin PBXGroup section */
		F3586C6B262FC4100059C1FD = {
			isa = PBXGroup;
			children = (
				F3586C76262FC4100059C1FD /* iOSProject2 */,
				F3586C91262FD11D0059C1FD /* control */,
				F3586CAB263016410059C1FD /* ImageViewAnimation */,
				F3586C75262FC4100059C1FD /* Products */,
			);
			sourceTree = "<group>";
		};
		F3586C75262FC4100059C1FD /* Products */ = {
			isa = PBXGroup;
			children = (
				F3586C74262FC4100059C1FD /* iOSProject2.app */,
				F3586C90262FD11D0059C1FD /* control.app */,
				F3586CAA263016410059C1FD /* ImageViewAnimation.app */,
			);
			name = Products;
			sourceTree = "<group>";
		};
		F3586C76262FC4100059C1FD /* iOSProject2 */ = {
			isa = PBXGroup;
			children = (
				F3586C77262FC4100059C1FD /* AppDelegate.swift */,
				F3586C79262FC4100059C1FD /* SceneDelegate.swift */,
				F3586C7B262FC4100059C1FD /* ViewController.swift */,
				F3586C7D262FC4100059C1FD /* Main.storyboard */,
				F3586C80262FC42D0059C1FD /* Assets.xcassets */,
				F3586C82262FC42D0059C1FD /* LaunchScreen.storyboard */,
				F3586C85262FC42D0059C1FD /* Info.plist */,
			);
			path = iOSProject2;
			sourceTree = "<group>";
		};
		F3586C91262FD11D0059C1FD /* control */ = {
			isa = PBXGroup;
			children = (
				F3586C92262FD11D0059C1FD /* AppDelegate.swift */,
				F3586C94262FD11D0059C1FD /* SceneDelegate.swift */,
				F3586C96262FD11D0059C1FD /* ViewController.swift */,
				F3586C98262FD11D0059C1FD /* Main.storyboard */,
				F3586C9B262FD1280059C1FD /* Assets.xcassets */,
				F3586C9D262FD1280059C1FD /* LaunchScreen.storyboard */,
				F3586CA0262FD1280059C1FD /* Info.plist */,
			);
			path = control;
			sourceTree = "<group>";
		};
		F3586CAB263016410059C1FD /* ImageViewAnimation */ = {
			isa = PBXGroup;
			children = (
				F3586CAC263016410059C1FD /* AppDelegate.swift */,
				F3586CAE263016410059C1FD /* SceneDelegate.swift */,
				F3586CB0263016410059C1FD /* ViewController.swift */,
				F3586CB2263016410059C1FD /* Main.storyboard */,
				F3586CB5263016550059C1FD /* Assets.xcassets */,
				F3586CB7263016550059C1FD /* LaunchScreen.storyboard */,
				F3586CBA263016550059C1FD /* Info.plist */,
			);
			path = ImageViewAnimation;
			sourceTree = "<group>";
		};
/* End PBXGroup section */

/* Begin PBXNativeTarget section */
		F3586C73262FC4100059C1FD /* iOSProject2 */ = {
			isa = PBXNativeTarget;
			buildConfigurationList = F3586C88262FC42D0059C1FD /* Build configuration list for PBXNativeTarget "iOSProject2" */;
			buildPhases = (
				F3586C70262FC4100059C1FD /* Sources */,
				F3586C71262FC4100059C1FD /* Frameworks */,
				F3586C72262FC4100059C1FD /* Resources */,
			);
			buildRules = (
			);
			dependencies = (
			);
			name = iOSProject2;
			productName = iOSProject2;
			productReference = F3586C74262FC4100059C1FD /* iOSProject2.app */;
			productType = "com.apple.product-type.application";
		};
		F3586C8F262FD11D0059C1FD /* control */ = {
			isa = PBXNativeTarget;
			buildConfigurationList = F3586CA1262FD1280059C1FD /* Build configuration list for PBXNativeTarget "control" */;
			buildPhases = (
				F3586C8C262FD11D0059C1FD /* Sources */,
				F3586C8D262FD11D0059C1FD /* Frameworks */,
				F3586C8E262FD11D0059C1FD /* Resources */,
			);
			buildRules = (
			);
			dependencies = (
			);
			name = control;
			productName = control;
			productReference = F3586C90262FD11D0059C1FD /* control.app */;
			productType = "com.apple.product-type.application";
		};
		F3586CA9263016410059C1FD /* ImageViewAnimation */ = {
			isa = PBXNativeTarget;
			buildConfigurationList = F3586CBB263016550059C1FD /* Build configuration list for PBXNativeTarget "ImageViewAnimation" */;
			buildPhases = (
				F3586CA6263016410059C1FD /* Sources */,
				F3586CA7263016410059C1FD /* Frameworks */,
				F3586CA8263016410059C1FD /* Resources */,
			);
			buildRules = (
			);
			dependencies = (
			);
			name = ImageViewAnimation;
			productName = ImageViewAnimation;
			productReference = F3586CAA263016410059C1FD /* ImageViewAnimation.app */;
			productType = "com.apple.product-type.application";
		};
/* End PBXNativeTarget section */

/* Begin PBXProject section */
		F3586C6C262FC4100059C1FD /* Project object */ = {
			isa = PBXProject;
			attributes = {
				LastSwiftUpdateCheck = 1240;
				LastUpgradeCheck = 1240;
				TargetAttributes = {
					F3586C73262FC4100059C1FD = {
						CreatedOnToolsVersion = 12.4;
					};
					F3586C8F262FD11D0059C1FD = {
						CreatedOnToolsVersion = 12.4;
					};
					F3586CA9263016410059C1FD = {
						CreatedOnToolsVersion = 12.4;
					};
				};
			};
			buildConfigurationList = F3586C6F262FC4100059C1FD /* Build configuration list for PBXProject "iOSProject2" */;
			compatibilityVersion = "Xcode 9.3";
			developmentRegion = en;
			hasScannedForEncodings = 0;
			knownRegions = (
				en,
				Base,
			);
			mainGroup = F3586C6B262FC4100059C1FD;
			productRefGroup = F3586C75262FC4100059C1FD /* Products */;
			projectDirPath = "";
			projectRoot = "";
			targets = (
				F3586C73262FC4100059C1FD /* iOSProject2 */,
				F3586C8F262FD11D0059C1FD /* control */,
				F3586CA9263016410059C1FD /* ImageViewAnimation */,
			);
		};
/* End PBXProject section */

/* Begin PBXResourcesBuildPhase section */
		F3586C72262FC4100059C1FD /* Resources */ = {
			isa = PBXResourcesBuildPhase;
			buildActionMask = 2147483647;
			files = (
				F3586C84262FC42D0059C1FD /* LaunchScreen.storyboard in Resources */,
				F3586C81262FC42D0059C1FD /* Assets.xcassets in Resources */,
				F3586C7F262FC4100059C1FD /* Main.storyboard in Resources */,
			);
			runOnlyForDeploymentPostprocessing = 0;
		};
		F3586C8E262FD11D0059C1FD /* Resources */ = {
			isa = PBXResourcesBuildPhase;
			buildActionMask = 2147483647;
			files = (
				F3586C9F262FD1280059C1FD /* LaunchScreen.storyboard in Resources */,
				F3586C9C262FD1280059C1FD /* Assets.xcassets in Resources */,
				F3586C9A262FD11D0059C1FD /* Main.storyboard in Resources */,
			);
			runOnlyForDeploymentPostprocessing = 0;
		};
		F3586CA8263016410059C1FD /* Resources */ = {
			isa = PBXResourcesBuildPhase;
			buildActionMask = 2147483647;
			files = (
				F3586CB9263016550059C1FD /* LaunchScreen.storyboard in Resources */,
				F3586CB6263016550059C1FD /* Assets.xcassets in Resources */,
				F3586CB4263016410059C1FD /* Main.storyboard in Resources */,
			);
			runOnlyForDeploymentPostprocessing = 0;
		};
/* End PBXResourcesBuildPhase section */

/* Begin PBXSourcesBuildPhase section */
		F3586C70262FC4100059C1FD /* Sources */ = {
			isa = PBXSourcesBuildPhase;
			buildActionMask = 2147483647;
			files = (
				F3586C7C262FC4100059C1FD /* ViewController.swift in Sources */,
				F3586C78262FC4100059C1FD /* AppDelegate.swift in Sources */,
				F3586C7A262FC4100059C1FD /* SceneDelegate.swift in Sources */,
			);
			runOnlyForDeploymentPostprocessing = 0;
		};
		F3586C8C262FD11D0059C1FD /* Sources */ = {
			isa = PBXSourcesBuildPhase;
			buildActionMask = 2147483647;
			files = (
				F3586C97262FD11D0059C1FD /* ViewController.swift in Sources */,
				F3586C93262FD11D0059C1FD /* AppDelegate.swift in Sources */,
				F3586C95262FD11D0059C1FD /* SceneDelegate.swift in Sources */,
			);
			runOnlyForDeploymentPostprocessing = 0;
		};
		F3586CA6263016410059C1FD /* Sources */ = {
			isa = PBXSourcesBuildPhase;
			buildActionMask = 2147483647;
			files = (
				F3586CB1263016410059C1FD /* ViewController.swift in Sources */,
				F3586CAD263016410059C1FD /* AppDelegate.swift in Sources */,
				F3586CAF263016410059C1FD /* SceneDelegate.swift in Sources */,
			);
			runOnlyForDeploymentPostprocessing = 0;
		};
/* End PBXSourcesBuildPhase section */

/* Begin PBXVariantGroup section */
		F3586C7D262FC4100059C1FD /* Main.storyboard */ = {
			isa = PBXVariantGroup;
			children = (
				F3586C7E262FC4100059C1FD /* Base */,
			);
			name = Main.storyboard;
			sourceTree = "<group>";
		};
		F3586C82262FC42D0059C1FD /* LaunchScreen.storyboard */ = {
			isa = PBXVariantGroup;
			children = (
				F3586C83262FC42D0059C1FD /* Base */,
			);
			name = LaunchScreen.storyboard;
			sourceTree = "<group>";
		};
		F3586C98262FD11D0059C1FD /* Main.storyboard */ = {
			isa = PBXVariantGroup;
			children = (
				F3586C99262FD11D0059C1FD /* Base */,
			);
			name = Main.storyboard;
			sourceTree = "<group>";
		};
		F3586C9D262FD1280059C1FD /* LaunchScreen.storyboard */ = {
			isa = PBXVariantGroup;
			children = (
				F3586C9E262FD1280059C1FD /* Base */,
			);
			name = LaunchScreen.storyboard;
			sourceTree = "<group>";
		};
		F3586CB2263016410059C1FD /* Main.storyboard */ = {
			isa = PBXVariantGroup;
			children = (
				F3586CB3263016410059C1FD /* Base */,
			);
			name = Main.storyboard;
			sourceTree = "<group>";
		};
		F3586CB7263016550059C1FD /* LaunchScreen.storyboard */ = {
			isa = PBXVariantGroup;
			children = (
				F3586CB8263016550059C1FD /* Base */,
			);
			name = LaunchScreen.storyboard;
			sourceTree = "<group>";
		};
/* End PBXVariantGroup section */

/* Begin XCBuildConfiguration section */
		F3586C86262FC42D0059C1FD /* Debug */ = {
			isa = XCBuildConfiguration;
			buildSettings = {
				ALWAYS_SEARCH_USER_PATHS = NO;
				CLANG_ANALYZER_NONNULL = YES;
				CLANG_ANALYZER_NUMBER_OBJECT_CONVERSION = YES_AGGRESSIVE;
				CLANG_CXX_LANGUAGE_STANDARD = "gnu++14";
				CLANG_CXX_LIBRARY = "libc++";
				CLANG_ENABLE_MODULES = YES;
				CLANG_ENABLE_OBJC_ARC = YES;
				CLANG_ENABLE_OBJC_WEAK = YES;
				CLANG_WARN_BLOCK_CAPTURE_AUTORELEASING = YES;
				CLANG_WARN_BOOL_CONVERSION = YES;
				CLANG_WARN_COMMA = YES;
				CLANG_WARN_CONSTANT_CONVERSION = YES;
				CLANG_WARN_DEPRECATED_OBJC_IMPLEMENTATIONS = YES;
				CLANG_WARN_DIRECT_OBJC_ISA_USAGE = YES_ERROR;
				CLANG_WARN_DOCUMENTATION_COMMENTS = YES;
				CLANG_WARN_EMPTY_BODY = YES;
				CLANG_WARN_ENUM_CONVERSION = YES;
				CLANG_WARN_INFINITE_RECURSION = YES;
				CLANG_WARN_INT_CONVERSION = YES;
				CLANG_WARN_NON_LITERAL_NULL_CONVERSION = YES;
				CLANG_WARN_OBJC_IMPLICIT_RETAIN_SELF = YES;
				CLANG_WARN_OBJC_LITERAL_CONVERSION = YES;
				CLANG_WARN_OBJC_ROOT_CLASS = YES_ERROR;
				CLANG_WARN_QUOTED_INCLUDE_IN_FRAMEWORK_HEADER = YES;
				CLANG_WARN_RANGE_LOOP_ANALYSIS = YES;
				CLANG_WARN_STRICT_PROTOTYPES = YES;
				CLANG_WARN_SUSPICIOUS_MOVE = YES;
				CLANG_WARN_UNGUARDED_AVAILABILITY = YES_AGGRESSIVE;
				CLANG_WARN_UNREACHABLE_CODE = YES;
				CLANG_WARN__DUPLICATE_METHOD_MATCH = YES;
				COPY_PHASE_STRIP = NO;
				DEBUG_INFORMATION_FORMAT = dwarf;
				ENABLE_STRICT_OBJC_MSGSEND = YES;
				ENABLE_TESTABILITY = YES;
				GCC_C_LANGUAGE_STANDARD = gnu11;
				GCC_DYNAMIC_NO_PIC = NO;
				GCC_NO_COMMON_BLOCKS = YES;
				GCC_OPTIMIZATION_LEVEL = 0;
				GCC_PREPROCESSOR_DEFINITIONS = (
					"DEBUG=1",
					"$(inherited)",
				);
				GCC_WARN_64_TO_32_BIT_CONVERSION = YES;
				GCC_WARN_ABOUT_RETURN_TYPE = YES_ERROR;
				GCC_WARN_UNDECLARED_SELECTOR = YES;
				GCC_WARN_UNINITIALIZED_AUTOS = YES_AGGRESSIVE;
				GCC_WARN_UNUSED_FUNCTION = YES;
				GCC_WARN_UNUSED_VARIABLE = YES;
				IPHONEOS_DEPLOYMENT_TARGET = 14.4;
				MTL_ENABLE_DEBUG_INFO = INCLUDE_SOURCE;
				MTL_FAST_MATH = YES;
				ONLY_ACTIVE_ARCH = YES;
				SDKROOT = iphoneos;
				SWIFT_ACTIVE_COMPILATION_CONDITIONS = DEBUG;
				SWIFT_OPTIMIZATION_LEVEL = "-Onone";
			};
			name = Debug;
		};
		F3586C87262FC42D0059C1FD /* Release */ = {
			isa = XCBuildConfiguration;
			buildSettings = {
				ALWAYS_SEARCH_USER_PATHS = NO;
				CLANG_ANALYZER_NONNULL = YES;
				CLANG_ANALYZER_NUMBER_OBJECT_CONVERSION = YES_AGGRESSIVE;
				CLANG_CXX_LANGUAGE_STANDARD = "gnu++14";
				CLANG_CXX_LIBRARY = "libc++";
				CLANG_ENABLE_MODULES = YES;
				CLANG_ENABLE_OBJC_ARC = YES;
				CLANG_ENABLE_OBJC_WEAK = YES;
				CLANG_WARN_BLOCK_CAPTURE_AUTORELEASING = YES;
				CLANG_WARN_BOOL_CONVERSION = YES;
				CLANG_WARN_COMMA = YES;
				CLANG_WARN_CONSTANT_CONVERSION = YES;
				CLANG_WARN_DEPRECATED_OBJC_IMPLEMENTATIONS = YES;
				CLANG_WARN_DIRECT_OBJC_ISA_USAGE = YES_ERROR;
				CLANG_WARN_DOCUMENTATION_COMMENTS = YES;
				CLANG_WARN_EMPTY_BODY = YES;
				CLANG_WARN_ENUM_CONVERSION = YES;
				CLANG_WARN_INFINITE_RECURSION = YES;
				CLANG_WARN_INT_CONVERSION = YES;
				CLANG_WARN_NON_LITERAL_NULL_CONVERSION = YES;
				CLANG_WARN_OBJC_IMPLICIT_RETAIN_SELF = YES;
				CLANG_WARN_OBJC_LITERAL_CONVERSION = YES;
				CLANG_WARN_OBJC_ROOT_CLASS = YES_ERROR;
				CLANG_WARN_QUOTED_INCLUDE_IN_FRAMEWORK_HEADER = YES;
				CLANG_WARN_RANGE_LOOP_ANALYSIS = YES;
				CLANG_WARN_STRICT_PROTOTYPES = YES;
				CLANG_WARN_SUSPICIOUS_MOVE = YES;
				CLANG_WARN_UNGUARDED_AVAILABILITY = YES_AGGRESSIVE;
				CLANG_WARN_UNREACHABLE_CODE = YES;
				CLANG_WARN__DUPLICATE_METHOD_MATCH = YES;
				COPY_PHASE_STRIP = NO;
				DEBUG_INFORMATION_FORMAT = "dwarf-with-dsym";
				ENABLE_NS_ASSERTIONS = NO;
				ENABLE_STRICT_OBJC_MSGSEND = YES;
				GCC_C_LANGUAGE_STANDARD = gnu11;
				GCC_NO_COMMON_BLOCKS = YES;
				GCC_WARN_64_TO_32_BIT_CONVERSION = YES;
				GCC_WARN_ABOUT_RETURN_TYPE = YES_ERROR;
				GCC_WARN_UNDECLARED_SELECTOR = YES;
				GCC_WARN_UNINITIALIZED_AUTOS = YES_AGGRESSIVE;
				GCC_WARN_UNUSED_FUNCTION = YES;
				GCC_WARN_UNUSED_VARIABLE = YES;
				IPHONEOS_DEPLOYMENT_TARGET = 14.4;
				MTL_ENABLE_DEBUG_INFO = NO;
				MTL_FAST_MATH = YES;
				SDKROOT = iphoneos;
				SWIFT_COMPILATION_MODE = wholemodule;
				SWIFT_OPTIMIZATION_LEVEL = "-O";
				VALIDATE_PRODUCT = YES;
			};
			name = Release;
		};
		F3586C89262FC42D0059C1FD /* Debug */ = {
			isa = XCBuildConfiguration;
			buildSettings = {
				ASSETCATALOG_COMPILER_APPICON_NAME = AppIcon;
				ASSETCATALOG_COMPILER_GLOBAL_ACCENT_COLOR_NAME = AccentColor;
				CODE_SIGN_STYLE = Automatic;
				INFOPLIST_FILE = iOSProject2/Info.plist;
				LD_RUNPATH_SEARCH_PATHS = (
					"$(inherited)",
					"@executable_path/Frameworks",
				);
				PRODUCT_BUNDLE_IDENTIFIER = kakao.itstudy.iOSProject2;
				PRODUCT_NAME = "$(TARGET_NAME)";
				SWIFT_VERSION = 5.0;
				TARGETED_DEVICE_FAMILY = "1,2";
			};
			name = Debug;
		};
		F3586C8A262FC42D0059C1FD /* Release */ = {
			isa = XCBuildConfiguration;
			buildSettings = {
				ASSETCATALOG_COMPILER_APPICON_NAME = AppIcon;
				ASSETCATALOG_COMPILER_GLOBAL_ACCENT_COLOR_NAME = AccentColor;
				CODE_SIGN_STYLE = Automatic;
				INFOPLIST_FILE = iOSProject2/Info.plist;
				LD_RUNPATH_SEARCH_PATHS = (
					"$(inherited)",
					"@executable_path/Frameworks",
				);
				PRODUCT_BUNDLE_IDENTIFIER = kakao.itstudy.iOSProject2;
				PRODUCT_NAME = "$(TARGET_NAME)";
				SWIFT_VERSION = 5.0;
				TARGETED_DEVICE_FAMILY = "1,2";
			};
			name = Release;
		};
		F3586CA2262FD1280059C1FD /* Debug */ = {
			isa = XCBuildConfiguration;
			buildSettings = {
				ASSETCATALOG_COMPILER_APPICON_NAME = AppIcon;
				ASSETCATALOG_COMPILER_GLOBAL_ACCENT_COLOR_NAME = AccentColor;
				CODE_SIGN_STYLE = Automatic;
				INFOPLIST_FILE = control/Info.plist;
				LD_RUNPATH_SEARCH_PATHS = (
					"$(inherited)",
					"@executable_path/Frameworks",
				);
				PRODUCT_BUNDLE_IDENTIFIER = kakao.itstudy.control;
				PRODUCT_NAME = "$(TARGET_NAME)";
				SWIFT_VERSION = 5.0;
				TARGETED_DEVICE_FAMILY = "1,2";
			};
			name = Debug;
		};
		F3586CA3262FD1280059C1FD /* Release */ = {
			isa = XCBuildConfiguration;
			buildSettings = {
				ASSETCATALOG_COMPILER_APPICON_NAME = AppIcon;
				ASSETCATALOG_COMPILER_GLOBAL_ACCENT_COLOR_NAME = AccentColor;
				CODE_SIGN_STYLE = Automatic;
				INFOPLIST_FILE = control/Info.plist;
				LD_RUNPATH_SEARCH_PATHS = (
					"$(inherited)",
					"@executable_path/Frameworks",
				);
				PRODUCT_BUNDLE_IDENTIFIER = kakao.itstudy.control;
				PRODUCT_NAME = "$(TARGET_NAME)";
				SWIFT_VERSION = 5.0;
				TARGETED_DEVICE_FAMILY = "1,2";
			};
			name = Release;
		};
		F3586CBC263016550059C1FD /* Debug */ = {
			isa = XCBuildConfiguration;
			buildSettings = {
				ASSETCATALOG_COMPILER_APPICON_NAME = AppIcon;
				ASSETCATALOG_COMPILER_GLOBAL_ACCENT_COLOR_NAME = AccentColor;
				CODE_SIGN_STYLE = Automatic;
				INFOPLIST_FILE = ImageViewAnimation/Info.plist;
				LD_RUNPATH_SEARCH_PATHS = (
					"$(inherited)",
					"@executable_path/Frameworks",
				);
				PRODUCT_BUNDLE_IDENTIFIER = kakao.itstudy.ImageViewAnimation;
				PRODUCT_NAME = "$(TARGET_NAME)";
				SWIFT_VERSION = 5.0;
				TARGETED_DEVICE_FAMILY = "1,2";
			};
			name = Debug;
		};
		F3586CBD263016550059C1FD /* Release */ = {
			isa = XCBuildConfiguration;
			buildSettings = {
				ASSETCATALOG_COMPILER_APPICON_NAME = AppIcon;
				ASSETCATALOG_COMPILER_GLOBAL_ACCENT_COLOR_NAME = AccentColor;
				CODE_SIGN_STYLE = Automatic;
				INFOPLIST_FILE = ImageViewAnimation/Info.plist;
				LD_RUNPATH_SEARCH_PATHS = (
					"$(inherited)",
					"@executable_path/Frameworks",
				);
				PRODUCT_BUNDLE_IDENTIFIER = kakao.itstudy.ImageViewAnimation;
				PRODUCT_NAME = "$(TARGET_NAME)";
				SWIFT_VERSION = 5.0;
				TARGETED_DEVICE_FAMILY = "1,2";
			};
			name = Release;
		};
/* End XCBuildConfiguration section */

/* Begin XCConfigurationList section */
		F3586C6F262FC4100059C1FD /* Build configuration list for PBXProject "iOSProject2" */ = {
			isa = XCConfigurationList;
			buildConfigurations = (
				F3586C86262FC42D0059C1FD /* Debug */,
				F3586C87262FC42D0059C1FD /* Release */,
			);
			defaultConfigurationIsVisible = 0;
			defaultConfigurationName = Release;
		};
		F3586C88262FC42D0059C1FD /* Build configuration list for PBXNativeTarget "iOSProject2" */ = {
			isa = XCConfigurationList;
			buildConfigurations = (
				F3586C89262FC42D0059C1FD /* Debug */,
				F3586C8A262FC42D0059C1FD /* Release */,
			);
			defaultConfigurationIsVisible = 0;
			defaultConfigurationName = Release;
		};
		F3586CA1262FD1280059C1FD /* Build configuration list for PBXNativeTarget "control" */ = {
			isa = XCConfigurationList;
			buildConfigurations = (
				F3586CA2262FD1280059C1FD /* Debug */,
				F3586CA3262FD1280059C1FD /* Release */,
			);
			defaultConfigurationIsVisible = 0;
			defaultConfigurationName = Release;
		};
		F3586CBB263016550059C1FD /* Build configuration list for PBXNativeTarget "ImageViewAnimation" */ = {
			isa = XCConfigurationList;
			buildConfigurations = (
				F3586CBC263016550059C1FD /* Debug */,
				F3586CBD263016550059C1FD /* Release */,
			);
			defaultConfigurationIsVisible = 0;
			defaultConfigurationName = Release;
		};
/* End XCConfigurationList section */
	};
	rootObject = F3586C6C262FC4100059C1FD /* Project object */;
}
